
Microsoft Visual Studio Solution File, Format Version 12.00
# Visual Studio 15
VisualStudioVersion = 15.0.28307.102
MinimumVisualStudioVersion = 10.0.40219.1
Project("{FAE04EC0-301F-11D3-BF4B-00C04F79EFBC}") = "GitDemo", "GitDemo\GitDemo.csproj", "{5BA35FA2-1694-49A1-925B-B401904D4B05}"
EndProject
Global
	GlobalSection(SolutionConfigurationPlatforms) = preSolution
		Debug|Any CPU = Debug|Any CPU
		Release|Any CPU = Release|Any CPU
	EndGlobalSection
	GlobalSection(ProjectConfigurationPlatforms) = postSolution
		{5BA35FA2-1694-49A1-925B-B401904D4B05}.Debug|Any CPU.ActiveCfg = Debug|Any CPU
		{5BA35FA2-1694-49A1-925B-B401904D4B05}.Debug|Any CPU.Build.0 = Debug|Any CPU
		{5BA35FA2-1694-49A1-925B-B401904D4B05}.Release|Any CPU.ActiveCfg = Release|Any CPU
		{5BA35FA2-1694-49A1-925B-B401904D4B05}.Release|Any CPU.Build.0 = Release|Any CPU
	EndGlobalSection
	GlobalSection(SolutionProperties) = preSolution
		HideSolutionNode = FALSE
	EndGlobalSection
	GlobalSection(ExtensibilityGlobals) = postSolution
		SolutionGuid = {B05DCD6C-EE22-4D7E-A3CE-5E6A76C433A6}
	EndGlobalSection
EndGlobal
